<Solution>
  <Folder Name="/Sources/">
    <Project Path="Sources/Analyzers/Analyzers.csproj" />
    <Project Path="Sources/CodeFixes/CodeFixes.csproj" />
    <Project Path="Sources/Common/Common.csproj" />
    <Project Path="Sources/Packaging/Packaging.csproj" />
    <Project Path="Sources/SourceGenerators/SourceGenerators.csproj" />
  </Folder>
  <Folder Name="/Tests/">
    <Project Path="Tests/Analyzers/Analyzers.Tests.csproj" />
    <Project Path="Tests/CodeFixes/CodeFixes.Tests.csproj" Id="4d3e3871-d808-4765-bcf1-ecfd08e2d7c1" />
    <Project Path="Tests/Common.Tests/Common.Tests.csproj" Id="12f17750-ce49-478e-a5bf-8491ecda2b3c" />
    <Project Path="Tests/GeneratedEventListener/GeneratedEventListener.Tests.csproj" Id="1d5914e7-9098-4e4c-88d6-ce55278cda7c" />
    <Project Path="Tests/GeneratedEventSource/GeneratedEventSource.Tests.csproj" Id="aee56ff0-70e0-4026-be28-69c5867fd326" />
    <Project Path="Tests/SourceGenerators/SourceGenerators.Tests.csproj" Id="d2903b8f-ebd3-4b98-81c7-de8b614fadb3" />
    <Project Path="Tests/StandardEventSourceTest/StandardEventSourceTest.csproj" Id="aed19e53-1be1-4721-b46f-d5b32b6413c8" />
    <Project Path="Tests/TestUtilities/TestUtilities.csproj" Id="f236d8df-e813-45cf-ab00-0c26a23c3857" />
  </Folder>
</Solution>
